<?xml version="1.0" encoding="utf-8"?>
<Project ToolsVersion="4.0" xmlns="http://schemas.microsoft.com/developer/msbuild/2003">
  <ItemGroup>
    <ClCompile Include="TileMap.cpp">
      <Filter>source</Filter>
    </ClCompile>
    <ClCompile Include="Xbox360Controller.cpp">
      <Filter>source</Filter>
    </ClCompile>
    <ClCompile Include="torch.cpp">
      <Filter>source</Filter>
    </ClCompile>
    <ClCompile Include="Splash.cpp">
      <Filter>source</Filter>
    </ClCompile>
    <ClCompile Include="Player2.cpp">
      <Filter>source</Filter>
    </ClCompile>
    <ClCompile Include="MainMenu.cpp">
      <Filter>source</Filter>
    </ClCompile>
    <ClCompile Include="License.cpp">
      <Filter>source</Filter>
    </ClCompile>
    <ClCompile Include="main.cpp">
      <Filter>source</Filter>
    </ClCompile>
    <ClCompile Include="KeyHandler.cpp">
      <Filter>source</Filter>
    </ClCompile>
    <ClCompile Include="coopscreen.cpp">
      <Filter>source</Filter>
    </ClCompile>
    <ClCompile Include="Enemy.cpp">
      <Filter>source</Filter>
    </ClCompile>
    <ClCompile Include="Game.cpp">
      <Filter>source</Filter>
    </ClCompile>
    <ClCompile Include="GameScreen.cpp">
      <Filter>source</Filter>
    </ClCompile>
    <ClCompile Include="Health.cpp">
      <Filter>source</Filter>
    </ClCompile>
    <ClCompile Include="Highscore.cpp">
      <Filter>source</Filter>
    </ClCompile>
    <ClCompile Include="Animation.cpp">
      <Filter>source</Filter>
    </ClCompile>
    <ClCompile Include="Player.cpp">
      <Filter>source</Filter>
    </ClCompile>
    <ClCompile Include="Level1.cpp">
      <Filter>source</Filter>
    </ClCompile>
  </ItemGroup>
  <ItemGroup>
    <ClInclude Include="Animation.h">
      <Filter>include</Filter>
    </ClInclude>
    <ClInclude Include="coopscreen.h">
      <Filter>include</Filter>
    </ClInclude>
    <ClInclude Include="Enemy.h">
      <Filter>include</Filter>
    </ClInclude>
    <ClInclude Include="Game.h">
      <Filter>include</Filter>
    </ClInclude>
    <ClInclude Include="GameScreen.h">
      <Filter>include</Filter>
    </ClInclude>
    <ClInclude Include="Health.h">
      <Filter>include</Filter>
    </ClInclude>
    <ClInclude Include="Highscore.h">
      <Filter>include</Filter>
    </ClInclude>
    <ClInclude Include="KeyHandler.h">
      <Filter>include</Filter>
    </ClInclude>
    <ClInclude Include="License.h">
      <Filter>include</Filter>
    </ClInclude>
    <ClInclude Include="main.h">
      <Filter>include</Filter>
    </ClInclude>
    <ClInclude Include="MainMenu.h">
      <Filter>include</Filter>
    </ClInclude>
    <ClInclude Include="Player.h">
      <Filter>include</Filter>
    </ClInclude>
    <ClInclude Include="Player2.h">
      <Filter>include</Filter>
    </ClInclude>
    <ClInclude Include="Splash.h">
      <Filter>include</Filter>
    </ClInclude>
    <ClInclude Include="TileMap.h">
      <Filter>include</Filter>
    </ClInclude>
    <ClInclude Include="torch.h">
      <Filter>include</Filter>
    </ClInclude>
    <ClInclude Include="Xbox360Controller.h">
      <Filter>include</Filter>
    </ClInclude>
    <ClInclude Include="Level1.h">
      <Filter>include</Filter>
    </ClInclude>
  </ItemGroup>
  <ItemGroup>
    <Image Include="resources\BackGround.png" />
    <Image Include="resources\images\sprite.png" />
    <Image Include="resources\table.png" />
  </ItemGroup>
  <ItemGroup>
    <None Include="resources\snowShader.frag" />
  </ItemGroup>
  <ItemGroup>
    <Filter Include="include">
      <UniqueIdentifier>{2cb4b80e-7bfb-4f23-b9aa-618bf232a01d}</UniqueIdentifier>
    </Filter>
    <Filter Include="source">
      <UniqueIdentifier>{63719c2e-5aad-4808-8214-d4fba14607e1}</UniqueIdentifier>
    </Filter>
  </ItemGroup>
</Project>