<?xml version="1.0" encoding="utf-8"?>
<Project ToolsVersion="4.0" xmlns="http://schemas.microsoft.com/developer/msbuild/2003">
  <ItemGroup>
    <ClCompile Include="Animation.cpp" />
    <ClCompile Include="coopscreen.cpp" />
    <ClCompile Include="Enemy.cpp" />
    <ClCompile Include="Game.cpp" />
    <ClCompile Include="GameScreen.cpp" />
    <ClCompile Include="Health.cpp" />
    <ClCompile Include="Highscore.cpp" />
    <ClCompile Include="KeyHandler.cpp" />
    <ClCompile Include="License.cpp" />
    <ClCompile Include="main.cpp" />
    <ClCompile Include="MainMenu.cpp" />
    <ClCompile Include="Player.cpp" />
    <ClCompile Include="Splash.cpp" />
    <ClCompile Include="TileMap.cpp" />
    <ClCompile Include="torch.cpp" />
    <ClCompile Include="Xbox360Controller.cpp" />
    <ClCompile Include="Level2.cpp" />
  </ItemGroup>
  <ItemGroup>
    <ClInclude Include="Animation.h" />
    <ClInclude Include="coopscreen.h" />
    <ClInclude Include="Enemy.h" />
    <ClInclude Include="Game.h" />
    <ClInclude Include="GameScreen.h" />
    <ClInclude Include="Health.h" />
    <ClInclude Include="Highscore.h" />
    <ClInclude Include="KeyHandler.h" />
    <ClInclude Include="License.h" />
    <ClInclude Include="main.h" />
    <ClInclude Include="MainMenu.h" />
    <ClInclude Include="Player.h" />
    <ClInclude Include="Splash.h" />
    <ClInclude Include="TileMap.h" />
    <ClInclude Include="torch.h" />
    <ClInclude Include="Xbox360Controller.h" />
    <ClInclude Include="Level2.h" />
  </ItemGroup>
  <ItemGroup>
    <Image Include="resources\BackGround.png" />
    <Image Include="resources\images\sprite.png" />
    <Image Include="resources\table.png" />
  </ItemGroup>
  <ItemGroup>
    <None Include="resources\snowShader.frag" />
  </ItemGroup>
</Project>